<?xml version="1.0" encoding="utf-8"?>
<Project ToolsVersion="4.0" xmlns="http://schemas.microsoft.com/developer/msbuild/2003">
  <ItemGroup>
    <Filter Include="Source Files">
      <UniqueIdentifier>{556df2c0-3069-4dcc-830f-5d6ffe83780a}</UniqueIdentifier>
    </Filter>
    <Filter Include="Generated Files">
      <UniqueIdentifier>{1d628c73-6dc9-4eb2-8d3f-805ff3384ea6}</UniqueIdentifier>
      <SourceControlFiles>False</SourceControlFiles>
    </Filter>
  </ItemGroup>
  <ItemGroup>
    <None Include="LAB4ps.def" />
  </ItemGroup>
  <ItemGroup>
    <ClCompile Include="LAB4_i.c">
      <Filter>Generated Files</Filter>
    </ClCompile>
    <ClCompile Include="LAB4_p.c">
      <Filter>Generated Files</Filter>
    </ClCompile>
    <ClCompile Include="dlldata.c">
      <Filter>Generated Files</Filter>
    </ClCompile>
  </ItemGroup>
</Project>