
Microsoft Visual Studio Solution File, Format Version 12.00
# Visual Studio 2012
Project("{8BC9CEB8-8B4A-11D0-8D11-00A0C91BC942}") = "CAppUtillMP", "CAppUtillMP\CAppUtillMP.vcxproj", "{2BE284A9-581D-4AC4-8603-211557C8CE2D}"
EndProject
Project("{2150E333-8FDC-42A3-9474-1A3956D46DE8}") = "Solution Items", "Solution Items", "{BA6E394A-8AB5-461E-B240-BD5C68EF1FA8}"
	ProjectSection(SolutionItems) = preProject
		IAppUtil.hpp = IAppUtil.hpp
		IDLLclass.hpp = IDLLclass.hpp
	EndProjectSection
EndProject
Project("{8BC9CEB8-8B4A-11D0-8D11-00A0C91BC942}") = "DLLClass", "CDLLClass23\CDLLClass23.vcxproj", "{D36EFE60-9540-4A7C-A49D-92AEE1111E69}"
EndProject
Global
	GlobalSection(SolutionConfigurationPlatforms) = preSolution
		Debug|Win32 = Debug|Win32
		Release|Win32 = Release|Win32
	EndGlobalSection
	GlobalSection(ProjectConfigurationPlatforms) = postSolution
		{2BE284A9-581D-4AC4-8603-211557C8CE2D}.Debug|Win32.ActiveCfg = Debug|Win32
		{2BE284A9-581D-4AC4-8603-211557C8CE2D}.Debug|Win32.Build.0 = Debug|Win32
		{2BE284A9-581D-4AC4-8603-211557C8CE2D}.Release|Win32.ActiveCfg = Release|Win32
		{2BE284A9-581D-4AC4-8603-211557C8CE2D}.Release|Win32.Build.0 = Release|Win32
		{D36EFE60-9540-4A7C-A49D-92AEE1111E69}.Debug|Win32.ActiveCfg = Debug|Win32
		{D36EFE60-9540-4A7C-A49D-92AEE1111E69}.Debug|Win32.Build.0 = Debug|Win32
		{D36EFE60-9540-4A7C-A49D-92AEE1111E69}.Release|Win32.ActiveCfg = Release|Win32
		{D36EFE60-9540-4A7C-A49D-92AEE1111E69}.Release|Win32.Build.0 = Release|Win32
	EndGlobalSection
	GlobalSection(SolutionProperties) = preSolution
		HideSolutionNode = FALSE
	EndGlobalSection
EndGlobal
