
Microsoft Visual Studio Solution File, Format Version 12.00
# Visual Studio 2012
Project("{FAE04EC0-301F-11D3-BF4B-00C04F79EFBC}") = "DynamicSample", "DynamicSample\DynamicSample.csproj", "{91DCA698-D37A-4FAC-A1B3-6F7B686BBC29}"
EndProject
Project("{FAE04EC0-301F-11D3-BF4B-00C04F79EFBC}") = "DynamicIronPythonSample", "DynamicIronPythonSample\DynamicIronPythonSample.csproj", "{F6F8A027-9F8D-4EF5-96E2-E6CB1885C91F}"
EndProject
Global
	GlobalSection(SolutionConfigurationPlatforms) = preSolution
		Debug|Any CPU = Debug|Any CPU
		Release|Any CPU = Release|Any CPU
	EndGlobalSection
	GlobalSection(ProjectConfigurationPlatforms) = postSolution
		{91DCA698-D37A-4FAC-A1B3-6F7B686BBC29}.Debug|Any CPU.ActiveCfg = Debug|Any CPU
		{91DCA698-D37A-4FAC-A1B3-6F7B686BBC29}.Debug|Any CPU.Build.0 = Debug|Any CPU
		{91DCA698-D37A-4FAC-A1B3-6F7B686BBC29}.Release|Any CPU.ActiveCfg = Release|Any CPU
		{91DCA698-D37A-4FAC-A1B3-6F7B686BBC29}.Release|Any CPU.Build.0 = Release|Any CPU
		{F6F8A027-9F8D-4EF5-96E2-E6CB1885C91F}.Debug|Any CPU.ActiveCfg = Debug|Any CPU
		{F6F8A027-9F8D-4EF5-96E2-E6CB1885C91F}.Debug|Any CPU.Build.0 = Debug|Any CPU
		{F6F8A027-9F8D-4EF5-96E2-E6CB1885C91F}.Release|Any CPU.ActiveCfg = Release|Any CPU
		{F6F8A027-9F8D-4EF5-96E2-E6CB1885C91F}.Release|Any CPU.Build.0 = Release|Any CPU
	EndGlobalSection
	GlobalSection(SolutionProperties) = preSolution
		HideSolutionNode = FALSE
	EndGlobalSection
EndGlobal
